
Microsoft Visual Studio Solution File, Format Version 12.00
# Visual Studio Version 17
VisualStudioVersion = 17.10.35122.118
MinimumVisualStudioVersion = 10.0.40219.1
Project("{9A19103F-16F7-4668-BE54-9A1E7A4F7556}") = "Lect1-Lect2", "Lect1\Lect1-Lect2.csproj", "{65E6E085-36F3-4986-B20F-38C56FA1CBB8}"
EndProject
Project("{9A19103F-16F7-4668-BE54-9A1E7A4F7556}") = "Lect3", "Lect3\Lect3.csproj", "{1F7C8C8B-8840-4D1A-AB50-3C27EAB21986}"
EndProject
Project("{9A19103F-16F7-4668-BE54-9A1E7A4F7556}") = "Lect4ConsoleClient", "Lect4ConsoleClient\Lect4ConsoleClient.csproj", "{E563ED46-37DD-49AC-BDA1-428C51A4A4BD}"
EndProject
Project("{9A19103F-16F7-4668-BE54-9A1E7A4F7556}") = "Lect5", "Lect5\Lect5.csproj", "{761103D9-853D-408E-B60B-783E76175EBE}"
EndProject
Project("{9A19103F-16F7-4668-BE54-9A1E7A4F7556}") = "Lect6", "Lect6\Lect6.csproj", "{1C9B558D-1D02-45ED-8A30-811E79848593}"
EndProject
Project("{9A19103F-16F7-4668-BE54-9A1E7A4F7556}") = "Lect7", "Lect7\Lect7.csproj", "{F2848E9A-F79A-42D7-9B76-4730C0FEFF1A}"
EndProject
Project("{FAE04EC0-301F-11D3-BF4B-00C04F79EFBC}") = "Lect8", "Lect8\Lect8.csproj", "{5BF7FBAE-A87B-4EA2-8AB0-3595F06CD5C1}"
EndProject
Global
	GlobalSection(SolutionConfigurationPlatforms) = preSolution
		Debug|Any CPU = Debug|Any CPU
		Release|Any CPU = Release|Any CPU
	EndGlobalSection
	GlobalSection(ProjectConfigurationPlatforms) = postSolution
		{65E6E085-36F3-4986-B20F-38C56FA1CBB8}.Debug|Any CPU.ActiveCfg = Debug|Any CPU
		{65E6E085-36F3-4986-B20F-38C56FA1CBB8}.Debug|Any CPU.Build.0 = Debug|Any CPU
		{65E6E085-36F3-4986-B20F-38C56FA1CBB8}.Release|Any CPU.ActiveCfg = Release|Any CPU
		{65E6E085-36F3-4986-B20F-38C56FA1CBB8}.Release|Any CPU.Build.0 = Release|Any CPU
		{1F7C8C8B-8840-4D1A-AB50-3C27EAB21986}.Debug|Any CPU.ActiveCfg = Debug|Any CPU
		{1F7C8C8B-8840-4D1A-AB50-3C27EAB21986}.Debug|Any CPU.Build.0 = Debug|Any CPU
		{1F7C8C8B-8840-4D1A-AB50-3C27EAB21986}.Release|Any CPU.ActiveCfg = Release|Any CPU
		{1F7C8C8B-8840-4D1A-AB50-3C27EAB21986}.Release|Any CPU.Build.0 = Release|Any CPU
		{E563ED46-37DD-49AC-BDA1-428C51A4A4BD}.Debug|Any CPU.ActiveCfg = Debug|Any CPU
		{E563ED46-37DD-49AC-BDA1-428C51A4A4BD}.Debug|Any CPU.Build.0 = Debug|Any CPU
		{E563ED46-37DD-49AC-BDA1-428C51A4A4BD}.Release|Any CPU.ActiveCfg = Release|Any CPU
		{E563ED46-37DD-49AC-BDA1-428C51A4A4BD}.Release|Any CPU.Build.0 = Release|Any CPU
		{761103D9-853D-408E-B60B-783E76175EBE}.Debug|Any CPU.ActiveCfg = Debug|Any CPU
		{761103D9-853D-408E-B60B-783E76175EBE}.Debug|Any CPU.Build.0 = Debug|Any CPU
		{761103D9-853D-408E-B60B-783E76175EBE}.Release|Any CPU.ActiveCfg = Release|Any CPU
		{761103D9-853D-408E-B60B-783E76175EBE}.Release|Any CPU.Build.0 = Release|Any CPU
		{1C9B558D-1D02-45ED-8A30-811E79848593}.Debug|Any CPU.ActiveCfg = Debug|Any CPU
		{1C9B558D-1D02-45ED-8A30-811E79848593}.Debug|Any CPU.Build.0 = Debug|Any CPU
		{1C9B558D-1D02-45ED-8A30-811E79848593}.Release|Any CPU.ActiveCfg = Release|Any CPU
		{1C9B558D-1D02-45ED-8A30-811E79848593}.Release|Any CPU.Build.0 = Release|Any CPU
		{F2848E9A-F79A-42D7-9B76-4730C0FEFF1A}.Debug|Any CPU.ActiveCfg = Debug|Any CPU
		{F2848E9A-F79A-42D7-9B76-4730C0FEFF1A}.Debug|Any CPU.Build.0 = Debug|Any CPU
		{F2848E9A-F79A-42D7-9B76-4730C0FEFF1A}.Release|Any CPU.ActiveCfg = Release|Any CPU
		{F2848E9A-F79A-42D7-9B76-4730C0FEFF1A}.Release|Any CPU.Build.0 = Release|Any CPU
		{5BF7FBAE-A87B-4EA2-8AB0-3595F06CD5C1}.Debug|Any CPU.ActiveCfg = Debug|Any CPU
		{5BF7FBAE-A87B-4EA2-8AB0-3595F06CD5C1}.Debug|Any CPU.Build.0 = Debug|Any CPU
		{5BF7FBAE-A87B-4EA2-8AB0-3595F06CD5C1}.Release|Any CPU.ActiveCfg = Release|Any CPU
		{5BF7FBAE-A87B-4EA2-8AB0-3595F06CD5C1}.Release|Any CPU.Build.0 = Release|Any CPU
	EndGlobalSection
	GlobalSection(SolutionProperties) = preSolution
		HideSolutionNode = FALSE
	EndGlobalSection
	GlobalSection(ExtensibilityGlobals) = postSolution
		SolutionGuid = {81FF8887-589A-4F79-A02D-87B2C3D184FD}
	EndGlobalSection
EndGlobal
